
Microsoft Visual Studio Solution File, Format Version 12.00
# Visual Studio Version 17
VisualStudioVersion = 17.1.32407.343
MinimumVisualStudioVersion = 10.0.40219.1
Project("{9A19103F-16F7-4668-BE54-9A1E7A4F7556}") = "HealthyFood", "Rocky\HealthyFood.csproj", "{836D56B1-4901-49A4-B249-5C7238315588}"
EndProject
Global
	GlobalSection(SolutionConfigurationPlatforms) = preSolution
		Debug|Any CPU = Debug|Any CPU
		Release|Any CPU = Release|Any CPU
	EndGlobalSection
	GlobalSection(ProjectConfigurationPlatforms) = postSolution
		{836D56B1-4901-49A4-B249-5C7238315588}.Debug|Any CPU.ActiveCfg = Debug|Any CPU
		{836D56B1-4901-49A4-B249-5C7238315588}.Debug|Any CPU.Build.0 = Debug|Any CPU
		{836D56B1-4901-49A4-B249-5C7238315588}.Release|Any CPU.ActiveCfg = Release|Any CPU
		{836D56B1-4901-49A4-B249-5C7238315588}.Release|Any CPU.Build.0 = Release|Any CPU
	EndGlobalSection
	GlobalSection(SolutionProperties) = preSolution
		HideSolutionNode = FALSE
	EndGlobalSection
	GlobalSection(ExtensibilityGlobals) = postSolution
		SolutionGuid = {34FFB303-784E-4EE6-9EAB-8ACB2EE4D027}
	EndGlobalSection
EndGlobal
